
Microsoft Visual Studio Solution File, Format Version 12.00
# Visual Studio Version 16
VisualStudioVersion = 16.0.29424.173
MinimumVisualStudioVersion = 10.0.40219.1
Project("{9A19103F-16F7-4668-BE54-9A1E7A4F7556}") = "StudentBackand", "StudentBackand\StudentBackand.csproj", "{DD154DCF-539D-43FB-B07C-C6ABC4A96308}"
EndProject
Global
	GlobalSection(SolutionConfigurationPlatforms) = preSolution
		Debug|Any CPU = Debug|Any CPU
		Release|Any CPU = Release|Any CPU
	EndGlobalSection
	GlobalSection(ProjectConfigurationPlatforms) = postSolution
		{DD154DCF-539D-43FB-B07C-C6ABC4A96308}.Debug|Any CPU.ActiveCfg = Debug|Any CPU
		{DD154DCF-539D-43FB-B07C-C6ABC4A96308}.Debug|Any CPU.Build.0 = Debug|Any CPU
		{DD154DCF-539D-43FB-B07C-C6ABC4A96308}.Release|Any CPU.ActiveCfg = Release|Any CPU
		{DD154DCF-539D-43FB-B07C-C6ABC4A96308}.Release|Any CPU.Build.0 = Release|Any CPU
	EndGlobalSection
	GlobalSection(SolutionProperties) = preSolution
		HideSolutionNode = FALSE
	EndGlobalSection
	GlobalSection(ExtensibilityGlobals) = postSolution
		SolutionGuid = {FFC80F9A-1F6D-45A2-89E5-17B575047F6A}
	EndGlobalSection
EndGlobal
